
Microsoft Visual Studio Solution File, Format Version 12.00
# Visual Studio 2012
VisualStudioVersion = 12.0.30501.0
MinimumVisualStudioVersion = 10.0.40219.1
Project("{D954291E-2A0B-460D-934E-DC6B0785DB48}") = "ArkTrolleyCore", "ArkTrolleyCore\ArkTrolleyCore.shproj", "{408EC027-217E-4A74-825B-A9073602E160}"
EndProject
Project("{FAE04EC0-301F-11D3-BF4B-00C04F79EFBC}") = "ArkTrolleyAndroid", "ArkTrolleyAndroid\ArkTrolleyAndroid.csproj", "{10098966-9A0C-49D7-8F6D-1DC717DE9A0C}"
EndProject
Project("{2150E333-8FDC-42A3-9474-1A3956D46DE8}") = "Apps", "Apps", "{657181FF-E30C-4501-AC6D-A6B9F9A602C8}"
EndProject
Project("{2150E333-8FDC-42A3-9474-1A3956D46DE8}") = "Android", "Android", "{007356B5-A679-47DC-9F43-E0010780B146}"
EndProject
Project("{FAE04EC0-301F-11D3-BF4B-00C04F79EFBC}") = "ArkTrolley.Android.Core", "ArkTrolley.Android.Core\ArkTrolley.Android.Core.csproj", "{3F87A322-B97E-4DB3-9E96-4F25FC73A89C}"
EndProject
Project("{FAE04EC0-301F-11D3-BF4B-00C04F79EFBC}") = "ArkTrolley.Android", "ArkTrolley.Android\ArkTrolley.Android.csproj", "{DFAFDAC1-72E0-40A2-A4F3-D3296B3FB2EA}"
EndProject
Project("{2150E333-8FDC-42A3-9474-1A3956D46DE8}") = "iOS", "iOS", "{281939F0-860B-491F-AC0B-6C76CD333FE7}"
EndProject
Project("{FAE04EC0-301F-11D3-BF4B-00C04F79EFBC}") = "ArkTrolley.iOS.Core", "ArkTrolley.iOS.Core\ArkTrolley.iOS.Core.csproj", "{1B74188D-BEDD-4CB9-AA26-429CBE1364BC}"
EndProject
Project("{FAE04EC0-301F-11D3-BF4B-00C04F79EFBC}") = "ArkTrolley.Core", "ArkTrolley.Core\ArkTrolley.Core.csproj", "{54BBF508-78AB-49BE-A1DB-116D7904A9CE}"
EndProject
Global
	GlobalSection(SolutionConfigurationPlatforms) = preSolution
		Ad-Hoc|Any CPU = Ad-Hoc|Any CPU
		Ad-Hoc|iPhone = Ad-Hoc|iPhone
		Ad-Hoc|iPhoneSimulator = Ad-Hoc|iPhoneSimulator
		Ad-Hoc|Mixed Platforms = Ad-Hoc|Mixed Platforms
		AppStore|Any CPU = AppStore|Any CPU
		AppStore|iPhone = AppStore|iPhone
		AppStore|iPhoneSimulator = AppStore|iPhoneSimulator
		AppStore|Mixed Platforms = AppStore|Mixed Platforms
		Debug|Any CPU = Debug|Any CPU
		Debug|iPhone = Debug|iPhone
		Debug|iPhoneSimulator = Debug|iPhoneSimulator
		Debug|Mixed Platforms = Debug|Mixed Platforms
		Release|Any CPU = Release|Any CPU
		Release|iPhone = Release|iPhone
		Release|iPhoneSimulator = Release|iPhoneSimulator
		Release|Mixed Platforms = Release|Mixed Platforms
	EndGlobalSection
	GlobalSection(ProjectConfigurationPlatforms) = postSolution
		{10098966-9A0C-49D7-8F6D-1DC717DE9A0C}.Ad-Hoc|Any CPU.ActiveCfg = Release|Any CPU
		{10098966-9A0C-49D7-8F6D-1DC717DE9A0C}.Ad-Hoc|Any CPU.Build.0 = Release|Any CPU
		{10098966-9A0C-49D7-8F6D-1DC717DE9A0C}.Ad-Hoc|Any CPU.Deploy.0 = Release|Any CPU
		{10098966-9A0C-49D7-8F6D-1DC717DE9A0C}.Ad-Hoc|iPhone.ActiveCfg = Release|Any CPU
		{10098966-9A0C-49D7-8F6D-1DC717DE9A0C}.Ad-Hoc|iPhoneSimulator.ActiveCfg = Release|Any CPU
		{10098966-9A0C-49D7-8F6D-1DC717DE9A0C}.Ad-Hoc|Mixed Platforms.ActiveCfg = Release|Any CPU
		{10098966-9A0C-49D7-8F6D-1DC717DE9A0C}.Ad-Hoc|Mixed Platforms.Build.0 = Release|Any CPU
		{10098966-9A0C-49D7-8F6D-1DC717DE9A0C}.Ad-Hoc|Mixed Platforms.Deploy.0 = Release|Any CPU
		{10098966-9A0C-49D7-8F6D-1DC717DE9A0C}.AppStore|Any CPU.ActiveCfg = Release|Any CPU
		{10098966-9A0C-49D7-8F6D-1DC717DE9A0C}.AppStore|Any CPU.Build.0 = Release|Any CPU
		{10098966-9A0C-49D7-8F6D-1DC717DE9A0C}.AppStore|Any CPU.Deploy.0 = Release|Any CPU
		{10098966-9A0C-49D7-8F6D-1DC717DE9A0C}.AppStore|iPhone.ActiveCfg = Release|Any CPU
		{10098966-9A0C-49D7-8F6D-1DC717DE9A0C}.AppStore|iPhoneSimulator.ActiveCfg = Release|Any CPU
		{10098966-9A0C-49D7-8F6D-1DC717DE9A0C}.AppStore|Mixed Platforms.ActiveCfg = Release|Any CPU
		{10098966-9A0C-49D7-8F6D-1DC717DE9A0C}.AppStore|Mixed Platforms.Build.0 = Release|Any CPU
		{10098966-9A0C-49D7-8F6D-1DC717DE9A0C}.AppStore|Mixed Platforms.Deploy.0 = Release|Any CPU
		{10098966-9A0C-49D7-8F6D-1DC717DE9A0C}.Debug|Any CPU.ActiveCfg = Debug|Any CPU
		{10098966-9A0C-49D7-8F6D-1DC717DE9A0C}.Debug|Any CPU.Build.0 = Debug|Any CPU
		{10098966-9A0C-49D7-8F6D-1DC717DE9A0C}.Debug|iPhone.ActiveCfg = Debug|Any CPU
		{10098966-9A0C-49D7-8F6D-1DC717DE9A0C}.Debug|iPhoneSimulator.ActiveCfg = Debug|Any CPU
		{10098966-9A0C-49D7-8F6D-1DC717DE9A0C}.Debug|Mixed Platforms.ActiveCfg = Debug|Any CPU
		{10098966-9A0C-49D7-8F6D-1DC717DE9A0C}.Debug|Mixed Platforms.Build.0 = Debug|Any CPU
		{10098966-9A0C-49D7-8F6D-1DC717DE9A0C}.Debug|Mixed Platforms.Deploy.0 = Debug|Any CPU
		{10098966-9A0C-49D7-8F6D-1DC717DE9A0C}.Release|Any CPU.ActiveCfg = Release|Any CPU
		{10098966-9A0C-49D7-8F6D-1DC717DE9A0C}.Release|Any CPU.Build.0 = Release|Any CPU
		{10098966-9A0C-49D7-8F6D-1DC717DE9A0C}.Release|iPhone.ActiveCfg = Release|Any CPU
		{10098966-9A0C-49D7-8F6D-1DC717DE9A0C}.Release|iPhoneSimulator.ActiveCfg = Release|Any CPU
		{10098966-9A0C-49D7-8F6D-1DC717DE9A0C}.Release|Mixed Platforms.ActiveCfg = Release|Any CPU
		{10098966-9A0C-49D7-8F6D-1DC717DE9A0C}.Release|Mixed Platforms.Build.0 = Release|Any CPU
		{10098966-9A0C-49D7-8F6D-1DC717DE9A0C}.Release|Mixed Platforms.Deploy.0 = Release|Any CPU
		{1B74188D-BEDD-4CB9-AA26-429CBE1364BC}.Ad-Hoc|Any CPU.ActiveCfg = Release|Any CPU
		{1B74188D-BEDD-4CB9-AA26-429CBE1364BC}.Ad-Hoc|Any CPU.Build.0 = Release|Any CPU
		{1B74188D-BEDD-4CB9-AA26-429CBE1364BC}.Ad-Hoc|iPhone.ActiveCfg = Release|Any CPU
		{1B74188D-BEDD-4CB9-AA26-429CBE1364BC}.Ad-Hoc|iPhoneSimulator.ActiveCfg = Release|Any CPU
		{1B74188D-BEDD-4CB9-AA26-429CBE1364BC}.Ad-Hoc|Mixed Platforms.ActiveCfg = Release|Any CPU
		{1B74188D-BEDD-4CB9-AA26-429CBE1364BC}.Ad-Hoc|Mixed Platforms.Build.0 = Release|Any CPU
		{1B74188D-BEDD-4CB9-AA26-429CBE1364BC}.AppStore|Any CPU.ActiveCfg = Release|Any CPU
		{1B74188D-BEDD-4CB9-AA26-429CBE1364BC}.AppStore|Any CPU.Build.0 = Release|Any CPU
		{1B74188D-BEDD-4CB9-AA26-429CBE1364BC}.AppStore|iPhone.ActiveCfg = Release|Any CPU
		{1B74188D-BEDD-4CB9-AA26-429CBE1364BC}.AppStore|iPhoneSimulator.ActiveCfg = Release|Any CPU
		{1B74188D-BEDD-4CB9-AA26-429CBE1364BC}.AppStore|Mixed Platforms.ActiveCfg = Release|Any CPU
		{1B74188D-BEDD-4CB9-AA26-429CBE1364BC}.AppStore|Mixed Platforms.Build.0 = Release|Any CPU
		{1B74188D-BEDD-4CB9-AA26-429CBE1364BC}.Debug|Any CPU.ActiveCfg = Debug|Any CPU
		{1B74188D-BEDD-4CB9-AA26-429CBE1364BC}.Debug|Any CPU.Build.0 = Debug|Any CPU
		{1B74188D-BEDD-4CB9-AA26-429CBE1364BC}.Debug|iPhone.ActiveCfg = Debug|Any CPU
		{1B74188D-BEDD-4CB9-AA26-429CBE1364BC}.Debug|iPhoneSimulator.ActiveCfg = Debug|Any CPU
		{1B74188D-BEDD-4CB9-AA26-429CBE1364BC}.Debug|Mixed Platforms.ActiveCfg = Debug|Any CPU
		{1B74188D-BEDD-4CB9-AA26-429CBE1364BC}.Debug|Mixed Platforms.Build.0 = Debug|Any CPU
		{1B74188D-BEDD-4CB9-AA26-429CBE1364BC}.Release|Any CPU.ActiveCfg = Release|Any CPU
		{1B74188D-BEDD-4CB9-AA26-429CBE1364BC}.Release|Any CPU.Build.0 = Release|Any CPU
		{1B74188D-BEDD-4CB9-AA26-429CBE1364BC}.Release|iPhone.ActiveCfg = Release|Any CPU
		{1B74188D-BEDD-4CB9-AA26-429CBE1364BC}.Release|iPhoneSimulator.ActiveCfg = Release|Any CPU
		{1B74188D-BEDD-4CB9-AA26-429CBE1364BC}.Release|Mixed Platforms.ActiveCfg = Release|Any CPU
		{1B74188D-BEDD-4CB9-AA26-429CBE1364BC}.Release|Mixed Platforms.Build.0 = Release|Any CPU
		{3F87A322-B97E-4DB3-9E96-4F25FC73A89C}.Ad-Hoc|Any CPU.ActiveCfg = Release|Any CPU
		{3F87A322-B97E-4DB3-9E96-4F25FC73A89C}.Ad-Hoc|Any CPU.Build.0 = Release|Any CPU
		{3F87A322-B97E-4DB3-9E96-4F25FC73A89C}.Ad-Hoc|iPhone.ActiveCfg = Release|Any CPU
		{3F87A322-B97E-4DB3-9E96-4F25FC73A89C}.Ad-Hoc|iPhoneSimulator.ActiveCfg = Release|Any CPU
		{3F87A322-B97E-4DB3-9E96-4F25FC73A89C}.Ad-Hoc|Mixed Platforms.ActiveCfg = Release|Any CPU
		{3F87A322-B97E-4DB3-9E96-4F25FC73A89C}.Ad-Hoc|Mixed Platforms.Build.0 = Release|Any CPU
		{3F87A322-B97E-4DB3-9E96-4F25FC73A89C}.AppStore|Any CPU.ActiveCfg = Release|Any CPU
		{3F87A322-B97E-4DB3-9E96-4F25FC73A89C}.AppStore|Any CPU.Build.0 = Release|Any CPU
		{3F87A322-B97E-4DB3-9E96-4F25FC73A89C}.AppStore|iPhone.ActiveCfg = Release|Any CPU
		{3F87A322-B97E-4DB3-9E96-4F25FC73A89C}.AppStore|iPhoneSimulator.ActiveCfg = Release|Any CPU
		{3F87A322-B97E-4DB3-9E96-4F25FC73A89C}.AppStore|Mixed Platforms.ActiveCfg = Release|Any CPU
		{3F87A322-B97E-4DB3-9E96-4F25FC73A89C}.AppStore|Mixed Platforms.Build.0 = Release|Any CPU
		{3F87A322-B97E-4DB3-9E96-4F25FC73A89C}.Debug|Any CPU.ActiveCfg = Debug|Any CPU
		{3F87A322-B97E-4DB3-9E96-4F25FC73A89C}.Debug|Any CPU.Build.0 = Debug|Any CPU
		{3F87A322-B97E-4DB3-9E96-4F25FC73A89C}.Debug|iPhone.ActiveCfg = Debug|Any CPU
		{3F87A322-B97E-4DB3-9E96-4F25FC73A89C}.Debug|iPhoneSimulator.ActiveCfg = Debug|Any CPU
		{3F87A322-B97E-4DB3-9E96-4F25FC73A89C}.Debug|Mixed Platforms.ActiveCfg = Debug|Any CPU
		{3F87A322-B97E-4DB3-9E96-4F25FC73A89C}.Debug|Mixed Platforms.Build.0 = Debug|Any CPU
		{3F87A322-B97E-4DB3-9E96-4F25FC73A89C}.Release|Any CPU.ActiveCfg = Release|Any CPU
		{3F87A322-B97E-4DB3-9E96-4F25FC73A89C}.Release|Any CPU.Build.0 = Release|Any CPU
		{3F87A322-B97E-4DB3-9E96-4F25FC73A89C}.Release|iPhone.ActiveCfg = Release|Any CPU
		{3F87A322-B97E-4DB3-9E96-4F25FC73A89C}.Release|iPhoneSimulator.ActiveCfg = Release|Any CPU
		{3F87A322-B97E-4DB3-9E96-4F25FC73A89C}.Release|Mixed Platforms.ActiveCfg = Release|Any CPU
		{3F87A322-B97E-4DB3-9E96-4F25FC73A89C}.Release|Mixed Platforms.Build.0 = Release|Any CPU
		{54BBF508-78AB-49BE-A1DB-116D7904A9CE}.Ad-Hoc|Any CPU.ActiveCfg = Release|Any CPU
		{54BBF508-78AB-49BE-A1DB-116D7904A9CE}.Ad-Hoc|Any CPU.Build.0 = Release|Any CPU
		{54BBF508-78AB-49BE-A1DB-116D7904A9CE}.Ad-Hoc|iPhone.ActiveCfg = Release|Any CPU
		{54BBF508-78AB-49BE-A1DB-116D7904A9CE}.Ad-Hoc|iPhoneSimulator.ActiveCfg = Release|Any CPU
		{54BBF508-78AB-49BE-A1DB-116D7904A9CE}.Ad-Hoc|Mixed Platforms.ActiveCfg = Release|Any CPU
		{54BBF508-78AB-49BE-A1DB-116D7904A9CE}.Ad-Hoc|Mixed Platforms.Build.0 = Release|Any CPU
		{54BBF508-78AB-49BE-A1DB-116D7904A9CE}.AppStore|Any CPU.ActiveCfg = Release|Any CPU
		{54BBF508-78AB-49BE-A1DB-116D7904A9CE}.AppStore|Any CPU.Build.0 = Release|Any CPU
		{54BBF508-78AB-49BE-A1DB-116D7904A9CE}.AppStore|iPhone.ActiveCfg = Release|Any CPU
		{54BBF508-78AB-49BE-A1DB-116D7904A9CE}.AppStore|iPhoneSimulator.ActiveCfg = Release|Any CPU
		{54BBF508-78AB-49BE-A1DB-116D7904A9CE}.AppStore|Mixed Platforms.ActiveCfg = Release|Any CPU
		{54BBF508-78AB-49BE-A1DB-116D7904A9CE}.AppStore|Mixed Platforms.Build.0 = Release|Any CPU
		{54BBF508-78AB-49BE-A1DB-116D7904A9CE}.Debug|Any CPU.ActiveCfg = Debug|Any CPU
		{54BBF508-78AB-49BE-A1DB-116D7904A9CE}.Debug|Any CPU.Build.0 = Debug|Any CPU
		{54BBF508-78AB-49BE-A1DB-116D7904A9CE}.Debug|iPhone.ActiveCfg = Debug|Any CPU
		{54BBF508-78AB-49BE-A1DB-116D7904A9CE}.Debug|iPhoneSimulator.ActiveCfg = Debug|Any CPU
		{54BBF508-78AB-49BE-A1DB-116D7904A9CE}.Debug|Mixed Platforms.ActiveCfg = Debug|Any CPU
		{54BBF508-78AB-49BE-A1DB-116D7904A9CE}.Debug|Mixed Platforms.Build.0 = Debug|Any CPU
		{54BBF508-78AB-49BE-A1DB-116D7904A9CE}.Release|Any CPU.ActiveCfg = Release|Any CPU
		{54BBF508-78AB-49BE-A1DB-116D7904A9CE}.Release|Any CPU.Build.0 = Release|Any CPU
		{54BBF508-78AB-49BE-A1DB-116D7904A9CE}.Release|iPhone.ActiveCfg = Release|Any CPU
		{54BBF508-78AB-49BE-A1DB-116D7904A9CE}.Release|iPhoneSimulator.ActiveCfg = Release|Any CPU
		{54BBF508-78AB-49BE-A1DB-116D7904A9CE}.Release|Mixed Platforms.ActiveCfg = Release|Any CPU
		{54BBF508-78AB-49BE-A1DB-116D7904A9CE}.Release|Mixed Platforms.Build.0 = Release|Any CPU
		{DFAFDAC1-72E0-40A2-A4F3-D3296B3FB2EA}.Ad-Hoc|Any CPU.ActiveCfg = Release|Any CPU
		{DFAFDAC1-72E0-40A2-A4F3-D3296B3FB2EA}.Ad-Hoc|Any CPU.Build.0 = Release|Any CPU
		{DFAFDAC1-72E0-40A2-A4F3-D3296B3FB2EA}.Ad-Hoc|Any CPU.Deploy.0 = Release|Any CPU
		{DFAFDAC1-72E0-40A2-A4F3-D3296B3FB2EA}.Ad-Hoc|iPhone.ActiveCfg = Release|Any CPU
		{DFAFDAC1-72E0-40A2-A4F3-D3296B3FB2EA}.Ad-Hoc|iPhoneSimulator.ActiveCfg = Release|Any CPU
		{DFAFDAC1-72E0-40A2-A4F3-D3296B3FB2EA}.Ad-Hoc|Mixed Platforms.ActiveCfg = Release|Any CPU
		{DFAFDAC1-72E0-40A2-A4F3-D3296B3FB2EA}.Ad-Hoc|Mixed Platforms.Build.0 = Release|Any CPU
		{DFAFDAC1-72E0-40A2-A4F3-D3296B3FB2EA}.Ad-Hoc|Mixed Platforms.Deploy.0 = Release|Any CPU
		{DFAFDAC1-72E0-40A2-A4F3-D3296B3FB2EA}.AppStore|Any CPU.ActiveCfg = Release|Any CPU
		{DFAFDAC1-72E0-40A2-A4F3-D3296B3FB2EA}.AppStore|Any CPU.Build.0 = Release|Any CPU
		{DFAFDAC1-72E0-40A2-A4F3-D3296B3FB2EA}.AppStore|Any CPU.Deploy.0 = Release|Any CPU
		{DFAFDAC1-72E0-40A2-A4F3-D3296B3FB2EA}.AppStore|iPhone.ActiveCfg = Release|Any CPU
		{DFAFDAC1-72E0-40A2-A4F3-D3296B3FB2EA}.AppStore|iPhoneSimulator.ActiveCfg = Release|Any CPU
		{DFAFDAC1-72E0-40A2-A4F3-D3296B3FB2EA}.AppStore|Mixed Platforms.ActiveCfg = Release|Any CPU
		{DFAFDAC1-72E0-40A2-A4F3-D3296B3FB2EA}.AppStore|Mixed Platforms.Build.0 = Release|Any CPU
		{DFAFDAC1-72E0-40A2-A4F3-D3296B3FB2EA}.AppStore|Mixed Platforms.Deploy.0 = Release|Any CPU
		{DFAFDAC1-72E0-40A2-A4F3-D3296B3FB2EA}.Debug|Any CPU.ActiveCfg = Debug|Any CPU
		{DFAFDAC1-72E0-40A2-A4F3-D3296B3FB2EA}.Debug|Any CPU.Build.0 = Debug|Any CPU
		{DFAFDAC1-72E0-40A2-A4F3-D3296B3FB2EA}.Debug|Any CPU.Deploy.0 = Debug|Any CPU
		{DFAFDAC1-72E0-40A2-A4F3-D3296B3FB2EA}.Debug|iPhone.ActiveCfg = Debug|Any CPU
		{DFAFDAC1-72E0-40A2-A4F3-D3296B3FB2EA}.Debug|iPhoneSimulator.ActiveCfg = Debug|Any CPU
		{DFAFDAC1-72E0-40A2-A4F3-D3296B3FB2EA}.Debug|Mixed Platforms.ActiveCfg = Debug|Any CPU
		{DFAFDAC1-72E0-40A2-A4F3-D3296B3FB2EA}.Debug|Mixed Platforms.Build.0 = Debug|Any CPU
		{DFAFDAC1-72E0-40A2-A4F3-D3296B3FB2EA}.Debug|Mixed Platforms.Deploy.0 = Debug|Any CPU
		{DFAFDAC1-72E0-40A2-A4F3-D3296B3FB2EA}.Release|Any CPU.ActiveCfg = Release|Any CPU
		{DFAFDAC1-72E0-40A2-A4F3-D3296B3FB2EA}.Release|Any CPU.Build.0 = Release|Any CPU
		{DFAFDAC1-72E0-40A2-A4F3-D3296B3FB2EA}.Release|Any CPU.Deploy.0 = Release|Any CPU
		{DFAFDAC1-72E0-40A2-A4F3-D3296B3FB2EA}.Release|iPhone.ActiveCfg = Release|Any CPU
		{DFAFDAC1-72E0-40A2-A4F3-D3296B3FB2EA}.Release|iPhoneSimulator.ActiveCfg = Release|Any CPU
		{DFAFDAC1-72E0-40A2-A4F3-D3296B3FB2EA}.Release|Mixed Platforms.ActiveCfg = Release|Any CPU
		{DFAFDAC1-72E0-40A2-A4F3-D3296B3FB2EA}.Release|Mixed Platforms.Build.0 = Release|Any CPU
		{DFAFDAC1-72E0-40A2-A4F3-D3296B3FB2EA}.Release|Mixed Platforms.Deploy.0 = Release|Any CPU
	EndGlobalSection
	GlobalSection(NestedProjects) = preSolution
		{007356B5-A679-47DC-9F43-E0010780B146} = {657181FF-E30C-4501-AC6D-A6B9F9A602C8}
		{281939F0-860B-491F-AC0B-6C76CD333FE7} = {657181FF-E30C-4501-AC6D-A6B9F9A602C8}
		{54BBF508-78AB-49BE-A1DB-116D7904A9CE} = {657181FF-E30C-4501-AC6D-A6B9F9A602C8}
		{3F87A322-B97E-4DB3-9E96-4F25FC73A89C} = {007356B5-A679-47DC-9F43-E0010780B146}
		{DFAFDAC1-72E0-40A2-A4F3-D3296B3FB2EA} = {007356B5-A679-47DC-9F43-E0010780B146}
		{1B74188D-BEDD-4CB9-AA26-429CBE1364BC} = {281939F0-860B-491F-AC0B-6C76CD333FE7}
	EndGlobalSection
	GlobalSection(MonoDevelopProperties) = preSolution
		StartupItem = ArkTrolleyAndroid\ArkTrolleyAndroid.csproj
	EndGlobalSection
	GlobalSection(SharedMSBuildProjectFiles) = preSolution
		ArkTrolleyCore\ArkTrolleyCore.projitems*{10098966-9a0c-49d7-8f6d-1dc717de9a0c}*SharedItemsImports = 4
		ArkTrolleyCore\ArkTrolleyCore.projitems*{408ec027-217e-4a74-825b-a9073602e160}*SharedItemsImports = 13
	EndGlobalSection
	GlobalSection(SolutionProperties) = preSolution
		HideSolutionNode = FALSE
	EndGlobalSection
EndGlobal
